
Microsoft Visual Studio Solution File, Format Version 12.00
# Visual Studio Version 17
VisualStudioVersion = 17.2.32616.157
MinimumVisualStudioVersion = 10.0.40219.1
Project("{9A19103F-16F7-4668-BE54-9A1E7A4F7556}") = "BuberDinner.Api", "BuberDinner.Api\BuberDinner.Api.csproj", "{C3262A3E-7749-49CB-8237-C990C7D6E312}"
EndProject
Project("{9A19103F-16F7-4668-BE54-9A1E7A4F7556}") = "BuberDinner.Contracts", "BuberDinner.Contracts\BuberDinner.Contracts.csproj", "{5B20E00C-7A19-4DD8-BD39-A35B00CDB924}"
EndProject
Project("{9A19103F-16F7-4668-BE54-9A1E7A4F7556}") = "BuberDinner.Infrastructure", "BuberDinner.Infrastructure\BuberDinner.Infrastructure.csproj", "{505B30F7-A68E-4C54-8D38-787EE2C68A5A}"
EndProject
Project("{9A19103F-16F7-4668-BE54-9A1E7A4F7556}") = "BuberDinner.Application", "BubberDinner.Application\BuberDinner.Application.csproj", "{BCF4A058-90D3-47E8-9995-B077F179A12D}"
EndProject
Project("{9A19103F-16F7-4668-BE54-9A1E7A4F7556}") = "BuberDinner.Domain", "BubberDinner.Domain\BuberDinner.Domain.csproj", "{1ADC2035-EA6E-45F1-AF59-0F019F5A2930}"
EndProject
Global
	GlobalSection(SolutionConfigurationPlatforms) = preSolution
		Debug|Any CPU = Debug|Any CPU
		Release|Any CPU = Release|Any CPU
	EndGlobalSection
	GlobalSection(ProjectConfigurationPlatforms) = postSolution
		{C3262A3E-7749-49CB-8237-C990C7D6E312}.Debug|Any CPU.ActiveCfg = Debug|Any CPU
		{C3262A3E-7749-49CB-8237-C990C7D6E312}.Debug|Any CPU.Build.0 = Debug|Any CPU
		{C3262A3E-7749-49CB-8237-C990C7D6E312}.Release|Any CPU.ActiveCfg = Release|Any CPU
		{C3262A3E-7749-49CB-8237-C990C7D6E312}.Release|Any CPU.Build.0 = Release|Any CPU
		{5B20E00C-7A19-4DD8-BD39-A35B00CDB924}.Debug|Any CPU.ActiveCfg = Debug|Any CPU
		{5B20E00C-7A19-4DD8-BD39-A35B00CDB924}.Debug|Any CPU.Build.0 = Debug|Any CPU
		{5B20E00C-7A19-4DD8-BD39-A35B00CDB924}.Release|Any CPU.ActiveCfg = Release|Any CPU
		{5B20E00C-7A19-4DD8-BD39-A35B00CDB924}.Release|Any CPU.Build.0 = Release|Any CPU
		{505B30F7-A68E-4C54-8D38-787EE2C68A5A}.Debug|Any CPU.ActiveCfg = Debug|Any CPU
		{505B30F7-A68E-4C54-8D38-787EE2C68A5A}.Debug|Any CPU.Build.0 = Debug|Any CPU
		{505B30F7-A68E-4C54-8D38-787EE2C68A5A}.Release|Any CPU.ActiveCfg = Release|Any CPU
		{505B30F7-A68E-4C54-8D38-787EE2C68A5A}.Release|Any CPU.Build.0 = Release|Any CPU
		{BCF4A058-90D3-47E8-9995-B077F179A12D}.Debug|Any CPU.ActiveCfg = Debug|Any CPU
		{BCF4A058-90D3-47E8-9995-B077F179A12D}.Debug|Any CPU.Build.0 = Debug|Any CPU
		{BCF4A058-90D3-47E8-9995-B077F179A12D}.Release|Any CPU.ActiveCfg = Release|Any CPU
		{BCF4A058-90D3-47E8-9995-B077F179A12D}.Release|Any CPU.Build.0 = Release|Any CPU
		{1ADC2035-EA6E-45F1-AF59-0F019F5A2930}.Debug|Any CPU.ActiveCfg = Debug|Any CPU
		{1ADC2035-EA6E-45F1-AF59-0F019F5A2930}.Debug|Any CPU.Build.0 = Debug|Any CPU
		{1ADC2035-EA6E-45F1-AF59-0F019F5A2930}.Release|Any CPU.ActiveCfg = Release|Any CPU
		{1ADC2035-EA6E-45F1-AF59-0F019F5A2930}.Release|Any CPU.Build.0 = Release|Any CPU
	EndGlobalSection
	GlobalSection(SolutionProperties) = preSolution
		HideSolutionNode = FALSE
	EndGlobalSection
	GlobalSection(ExtensibilityGlobals) = postSolution
		SolutionGuid = {750B1EA0-1EF8-4C51-A187-38F3751342B4}
	EndGlobalSection
EndGlobal
